
Microsoft Visual Studio Solution File, Format Version 12.00
# Visual Studio Version 17
VisualStudioVersion = 17.12.35707.178
MinimumVisualStudioVersion = 10.0.40219.1
Project("{FAE04EC0-301F-11D3-BF4B-00C04F79EFBC}") = "WarehouseManagementSystem", "WarehouseManagementSystem\WarehouseManagementSystem.csproj", "{24C74F25-3A58-4D70-8508-6B671E5FFE08}"
EndProject
Project("{FAE04EC0-301F-11D3-BF4B-00C04F79EFBC}") = "Entities", "BLL\Entities.csproj", "{0819D962-5401-4C79-BB91-10E7703E9A6A}"
EndProject
Project("{FAE04EC0-301F-11D3-BF4B-00C04F79EFBC}") = "DAL", "DAL\DAL.csproj", "{6BC041AD-B69C-43BD-A16F-C22C701BE3EE}"
EndProject
Project("{FAE04EC0-301F-11D3-BF4B-00C04F79EFBC}") = "Service", "Service\Service.csproj", "{731F945C-30BF-430B-A6B4-2B7148F22DE9}"
EndProject
Global
	GlobalSection(SolutionConfigurationPlatforms) = preSolution
		Debug|Any CPU = Debug|Any CPU
		Release|Any CPU = Release|Any CPU
	EndGlobalSection
	GlobalSection(ProjectConfigurationPlatforms) = postSolution
		{24C74F25-3A58-4D70-8508-6B671E5FFE08}.Debug|Any CPU.ActiveCfg = Debug|Any CPU
		{24C74F25-3A58-4D70-8508-6B671E5FFE08}.Debug|Any CPU.Build.0 = Debug|Any CPU
		{24C74F25-3A58-4D70-8508-6B671E5FFE08}.Release|Any CPU.ActiveCfg = Release|Any CPU
		{24C74F25-3A58-4D70-8508-6B671E5FFE08}.Release|Any CPU.Build.0 = Release|Any CPU
		{0819D962-5401-4C79-BB91-10E7703E9A6A}.Debug|Any CPU.ActiveCfg = Debug|Any CPU
		{0819D962-5401-4C79-BB91-10E7703E9A6A}.Debug|Any CPU.Build.0 = Debug|Any CPU
		{0819D962-5401-4C79-BB91-10E7703E9A6A}.Release|Any CPU.ActiveCfg = Release|Any CPU
		{0819D962-5401-4C79-BB91-10E7703E9A6A}.Release|Any CPU.Build.0 = Release|Any CPU
		{6BC041AD-B69C-43BD-A16F-C22C701BE3EE}.Debug|Any CPU.ActiveCfg = Debug|Any CPU
		{6BC041AD-B69C-43BD-A16F-C22C701BE3EE}.Debug|Any CPU.Build.0 = Debug|Any CPU
		{6BC041AD-B69C-43BD-A16F-C22C701BE3EE}.Release|Any CPU.ActiveCfg = Release|Any CPU
		{6BC041AD-B69C-43BD-A16F-C22C701BE3EE}.Release|Any CPU.Build.0 = Release|Any CPU
		{731F945C-30BF-430B-A6B4-2B7148F22DE9}.Debug|Any CPU.ActiveCfg = Debug|Any CPU
		{731F945C-30BF-430B-A6B4-2B7148F22DE9}.Debug|Any CPU.Build.0 = Debug|Any CPU
		{731F945C-30BF-430B-A6B4-2B7148F22DE9}.Release|Any CPU.ActiveCfg = Release|Any CPU
		{731F945C-30BF-430B-A6B4-2B7148F22DE9}.Release|Any CPU.Build.0 = Release|Any CPU
	EndGlobalSection
	GlobalSection(SolutionProperties) = preSolution
		HideSolutionNode = FALSE
	EndGlobalSection
EndGlobal
